
Microsoft Visual Studio Solution File, Format Version 12.00
# Visual Studio Version 17
VisualStudioVersion = 17.6.33815.320
MinimumVisualStudioVersion = 10.0.40219.1
Project("{FAE04EC0-301F-11D3-BF4B-00C04F79EFBC}") = "ABSData", "ABSData\ABSData.csproj", "{DC516D69-811C-489B-A92C-8647D9C77E26}"
EndProject
Project("{FAE04EC0-301F-11D3-BF4B-00C04F79EFBC}") = "ABSDataFramework", "ABSDataFramework\ABSDataFramework.csproj", "{A32AFE7C-0E67-4A74-B291-BF56DA943BE7}"
EndProject
Global
	GlobalSection(SolutionConfigurationPlatforms) = preSolution
		Debug|Any CPU = Debug|Any CPU
		Release|Any CPU = Release|Any CPU
	EndGlobalSection
	GlobalSection(ProjectConfigurationPlatforms) = postSolution
		{DC516D69-811C-489B-A92C-8647D9C77E26}.Debug|Any CPU.ActiveCfg = Debug|Any CPU
		{DC516D69-811C-489B-A92C-8647D9C77E26}.Debug|Any CPU.Build.0 = Debug|Any CPU
		{DC516D69-811C-489B-A92C-8647D9C77E26}.Release|Any CPU.ActiveCfg = Release|Any CPU
		{DC516D69-811C-489B-A92C-8647D9C77E26}.Release|Any CPU.Build.0 = Release|Any CPU
		{A32AFE7C-0E67-4A74-B291-BF56DA943BE7}.Debug|Any CPU.ActiveCfg = Debug|Any CPU
		{A32AFE7C-0E67-4A74-B291-BF56DA943BE7}.Debug|Any CPU.Build.0 = Debug|Any CPU
		{A32AFE7C-0E67-4A74-B291-BF56DA943BE7}.Release|Any CPU.ActiveCfg = Release|Any CPU
		{A32AFE7C-0E67-4A74-B291-BF56DA943BE7}.Release|Any CPU.Build.0 = Release|Any CPU
	EndGlobalSection
	GlobalSection(SolutionProperties) = preSolution
		HideSolutionNode = FALSE
	EndGlobalSection
	GlobalSection(ExtensibilityGlobals) = postSolution
		SolutionGuid = {A2F1FC1A-3E86-4292-8800-BD696E172DB2}
	EndGlobalSection
EndGlobal
